// !$*UTF8*$!
{
	archiveVersion = 1;
	classes = {
	};
	objectVersion = 50;
	objects = {

/* Begin PBXBuildFile section */
		E0B847AF24AF8CE1003EB73D /* AppDelegate.swift in Sources */ = {isa = PBXBuildFile; fileRef = E0B847AE24AF8CE1003EB73D /* AppDelegate.swift */; };
		E0B847B124AF8CE1003EB73D /* GameScene.sks in Resources */ = {isa = PBXBuildFile; fileRef = E0B847B024AF8CE1003EB73D /* GameScene.sks */; };
		E0B847B524AF8CE1003EB73D /* GameScene.swift in Sources */ = {isa = PBXBuildFile; fileRef = E0B847B424AF8CE1003EB73D /* GameScene.swift */; };
		E0B847B724AF8CE1003EB73D /* GameViewController.swift in Sources */ = {isa = PBXBuildFile; fileRef = E0B847B624AF8CE1003EB73D /* GameViewController.swift */; };
		E0B847BA24AF8CE1003EB73D /* Main.storyboard in Resources */ = {isa = PBXBuildFile; fileRef = E0B847B824AF8CE1003EB73D /* Main.storyboard */; };
		E0B847BC24AF8CE3003EB73D /* Assets.xcassets in Resources */ = {isa = PBXBuildFile; fileRef = E0B847BB24AF8CE3003EB73D /* Assets.xcassets */; };
		E0B847BF24AF8CE3003EB73D /* LaunchScreen.storyboard in Resources */ = {isa = PBXBuildFile; fileRef = E0B847BD24AF8CE3003EB73D /* LaunchScreen.storyboard */; };
		E0B847C724AF8E6B003EB73D /* StarField.sks in Resources */ = {isa = PBXBuildFile; fileRef = E0B847C624AF8E6B003EB73D /* StarField.sks */; };
		E0B847C924B03BC0003EB73D /* waves.json in Resources */ = {isa = PBXBuildFile; fileRef = E0B847C824B03BC0003EB73D /* waves.json */; };
		E0B847CB24B03BC8003EB73D /* enemy-types.json in Resources */ = {isa = PBXBuildFile; fileRef = E0B847CA24B03BC8003EB73D /* enemy-types.json */; };
		E0B847CD24B03BE7003EB73D /* EnemyType.swift in Sources */ = {isa = PBXBuildFile; fileRef = E0B847CC24B03BE7003EB73D /* EnemyType.swift */; };
		E0B847CF24B03F33003EB73D /* Wave.swift in Sources */ = {isa = PBXBuildFile; fileRef = E0B847CE24B03F33003EB73D /* Wave.swift */; };
		E0B847D124B0409E003EB73D /* Bundle-decoding.swift in Sources */ = {isa = PBXBuildFile; fileRef = E0B847D024B0409E003EB73D /* Bundle-decoding.swift */; };
		E0B847D324B072EF003EB73D /* EnemyNode.swift in Sources */ = {isa = PBXBuildFile; fileRef = E0B847D224B072EF003EB73D /* EnemyNode.swift */; };
/* End PBXBuildFile section */

/* Begin PBXFileReference section */
		E0B847AB24AF8CE1003EB73D /* SpaceShooter.app */ = {isa = PBXFileReference; explicitFileType = wrapper.application; includeInIndex = 0; path = SpaceShooter.app; sourceTree = BUILT_PRODUCTS_DIR; };
		E0B847AE24AF8CE1003EB73D /* AppDelegate.swift */ = {isa = PBXFileReference; lastKnownFileType = sourcecode.swift; path = AppDelegate.swift; sourceTree = "<group>"; };
		E0B847B024AF8CE1003EB73D /* GameScene.sks */ = {isa = PBXFileReference; lastKnownFileType = file.sks; path = GameScene.sks; sourceTree = "<group>"; };
		E0B847B424AF8CE1003EB73D /* GameScene.swift */ = {isa = PBXFileReference; lastKnownFileType = sourcecode.swift; path = GameScene.swift; sourceTree = "<group>"; };
		E0B847B624AF8CE1003EB73D /* GameViewController.swift */ = {isa = PBXFileReference; lastKnownFileType = sourcecode.swift; path = GameViewController.swift; sourceTree = "<group>"; };
		E0B847B924AF8CE1003EB73D /* Base */ = {isa = PBXFileReference; lastKnownFileType = file.storyboard; name = Base; path = Base.lproj/Main.storyboard; sourceTree = "<group>"; };
		E0B847BB24AF8CE3003EB73D /* Assets.xcassets */ = {isa = PBXFileReference; lastKnownFileType = folder.assetcatalog; path = Assets.xcassets; sourceTree = "<group>"; };
		E0B847BE24AF8CE3003EB73D /* Base */ = {isa = PBXFileReference; lastKnownFileType = file.storyboard; name = Base; path = Base.lproj/LaunchScreen.storyboard; sourceTree = "<group>"; };
		E0B847C024AF8CE3003EB73D /* Info.plist */ = {isa = PBXFileReference; lastKnownFileType = text.plist.xml; path = Info.plist; sourceTree = "<group>"; };
		E0B847C624AF8E6B003EB73D /* StarField.sks */ = {isa = PBXFileReference; lastKnownFileType = file.sks; path = StarField.sks; sourceTree = "<group>"; };
		E0B847C824B03BC0003EB73D /* waves.json */ = {isa = PBXFileReference; fileEncoding = 4; lastKnownFileType = text.json; path = waves.json; sourceTree = "<group>"; };
		E0B847CA24B03BC8003EB73D /* enemy-types.json */ = {isa = PBXFileReference; fileEncoding = 4; lastKnownFileType = text.json; path = "enemy-types.json"; sourceTree = "<group>"; };
		E0B847CC24B03BE7003EB73D /* EnemyType.swift */ = {isa = PBXFileReference; lastKnownFileType = sourcecode.swift; path = EnemyType.swift; sourceTree = "<group>"; };
		E0B847CE24B03F33003EB73D /* Wave.swift */ = {isa = PBXFileReference; lastKnownFileType = sourcecode.swift; path = Wave.swift; sourceTree = "<group>"; };
		E0B847D024B0409E003EB73D /* Bundle-decoding.swift */ = {isa = PBXFileReference; lastKnownFileType = sourcecode.swift; path = "Bundle-decoding.swift"; sourceTree = "<group>"; };
		E0B847D224B072EF003EB73D /* EnemyNode.swift */ = {isa = PBXFileReference; lastKnownFileType = sourcecode.swift; path = EnemyNode.swift; sourceTree = "<group>"; };
/* End PBXFileReference section */

/* Begin PBXFrameworksBuildPhase section */
		E0B847A824AF8CE1003EB73D /* Frameworks */ = {
			isa = PBXFrameworksBuildPhase;
			buildActionMask = 2147483647;
			files = (
			);
			runOnlyForDeploymentPostprocessing = 0;
		};
/* End PBXFrameworksBuildPhase section */

/* Begin PBXGroup section */
		E0B847A224AF8CE1003EB73D = {
			isa = PBXGroup;
			children = (
				E0B847AD24AF8CE1003EB73D /* SpaceShooter */,
				E0B847AC24AF8CE1003EB73D /* Products */,
			);
			sourceTree = "<group>";
		};
		E0B847AC24AF8CE1003EB73D /* Products */ = {
			isa = PBXGroup;
			children = (
				E0B847AB24AF8CE1003EB73D /* SpaceShooter.app */,
			);
			name = Products;
			sourceTree = "<group>";
		};
		E0B847AD24AF8CE1003EB73D /* SpaceShooter */ = {
			isa = PBXGroup;
			children = (
				E0B847AE24AF8CE1003EB73D /* AppDelegate.swift */,
				E0B847B024AF8CE1003EB73D /* GameScene.sks */,
				E0B847B424AF8CE1003EB73D /* GameScene.swift */,
				E0B847D224B072EF003EB73D /* EnemyNode.swift */,
				E0B847B624AF8CE1003EB73D /* GameViewController.swift */,
				E0B847B824AF8CE1003EB73D /* Main.storyboard */,
				E0B847BB24AF8CE3003EB73D /* Assets.xcassets */,
				E0B847CC24B03BE7003EB73D /* EnemyType.swift */,
				E0B847D024B0409E003EB73D /* Bundle-decoding.swift */,
				E0B847CE24B03F33003EB73D /* Wave.swift */,
				E0B847C624AF8E6B003EB73D /* StarField.sks */,
				E0B847BD24AF8CE3003EB73D /* LaunchScreen.storyboard */,
				E0B847C024AF8CE3003EB73D /* Info.plist */,
				E0B847CA24B03BC8003EB73D /* enemy-types.json */,
				E0B847C824B03BC0003EB73D /* waves.json */,
			);
			path = SpaceShooter;
			sourceTree = "<group>";
		};
/* End PBXGroup section */

/* Begin PBXNativeTarget section */
		E0B847AA24AF8CE1003EB73D /* SpaceShooter */ = {
			isa = PBXNativeTarget;
			buildConfigurationList = E0B847C324AF8CE3003EB73D /* Build configuration list for PBXNativeTarget "SpaceShooter" */;
			buildPhases = (
				E0B847A724AF8CE1003EB73D /* Sources */,
				E0B847A824AF8CE1003EB73D /* Frameworks */,
				E0B847A924AF8CE1003EB73D /* Resources */,
			);
			buildRules = (
			);
			dependencies = (
			);
			name = SpaceShooter;
			productName = SpaceShooter;
			productReference = E0B847AB24AF8CE1003EB73D /* SpaceShooter.app */;
			productType = "com.apple.product-type.application";
		};
/* End PBXNativeTarget section */

/* Begin PBXProject section */
		E0B847A324AF8CE1003EB73D /* Project object */ = {
			isa = PBXProject;
			attributes = {
				LastSwiftUpdateCheck = 1150;
				LastUpgradeCheck = 1150;
				ORGANIZATIONNAME = coded;
				TargetAttributes = {
					E0B847AA24AF8CE1003EB73D = {
						CreatedOnToolsVersion = 11.5;
					};
				};
			};
			buildConfigurationList = E0B847A624AF8CE1003EB73D /* Build configuration list for PBXProject "SpaceShooter" */;
			compatibilityVersion = "Xcode 9.3";
			developmentRegion = en;
			hasScannedForEncodings = 0;
			knownRegions = (
				en,
				Base,
			);
			mainGroup = E0B847A224AF8CE1003EB73D;
			productRefGroup = E0B847AC24AF8CE1003EB73D /* Products */;
			projectDirPath = "";
			projectRoot = "";
			targets = (
				E0B847AA24AF8CE1003EB73D /* SpaceShooter */,
			);
		};
/* End PBXProject section */

/* Begin PBXResourcesBuildPhase section */
		E0B847A924AF8CE1003EB73D /* Resources */ = {
			isa = PBXResourcesBuildPhase;
			buildActionMask = 2147483647;
			files = (
				E0B847BA24AF8CE1003EB73D /* Main.storyboard in Resources */,
				E0B847CB24B03BC8003EB73D /* enemy-types.json in Resources */,
				E0B847B124AF8CE1003EB73D /* GameScene.sks in Resources */,
				E0B847C724AF8E6B003EB73D /* StarField.sks in Resources */,
				E0B847BC24AF8CE3003EB73D /* Assets.xcassets in Resources */,
				E0B847C924B03BC0003EB73D /* waves.json in Resources */,
				E0B847BF24AF8CE3003EB73D /* LaunchScreen.storyboard in Resources */,
			);
			runOnlyForDeploymentPostprocessing = 0;
		};
/* End PBXResourcesBuildPhase section */

/* Begin PBXSourcesBuildPhase section */
		E0B847A724AF8CE1003EB73D /* Sources */ = {
			isa = PBXSourcesBuildPhase;
			buildActionMask = 2147483647;
			files = (
				E0B847D124B0409E003EB73D /* Bundle-decoding.swift in Sources */,
				E0B847D324B072EF003EB73D /* EnemyNode.swift in Sources */,
				E0B847B524AF8CE1003EB73D /* GameScene.swift in Sources */,
				E0B847CF24B03F33003EB73D /* Wave.swift in Sources */,
				E0B847B724AF8CE1003EB73D /* GameViewController.swift in Sources */,
				E0B847CD24B03BE7003EB73D /* EnemyType.swift in Sources */,
				E0B847AF24AF8CE1003EB73D /* AppDelegate.swift in Sources */,
			);
			runOnlyForDeploymentPostprocessing = 0;
		};
/* End PBXSourcesBuildPhase section */

/* Begin PBXVariantGroup section */
		E0B847B824AF8CE1003EB73D /* Main.storyboard */ = {
			isa = PBXVariantGroup;
			children = (
				E0B847B924AF8CE1003EB73D /* Base */,
			);
			name = Main.storyboard;
			sourceTree = "<group>";
		};
		E0B847BD24AF8CE3003EB73D /* LaunchScreen.storyboard */ = {
			isa = PBXVariantGroup;
			children = (
				E0B847BE24AF8CE3003EB73D /* Base */,
			);
			name = LaunchScreen.storyboard;
			sourceTree = "<group>";
		};
/* End PBXVariantGroup section */

/* Begin XCBuildConfiguration section */
		E0B847C124AF8CE3003EB73D /* Debug */ = {
			isa = XCBuildConfiguration;
			buildSettings = {
				ALWAYS_SEARCH_USER_PATHS = NO;
				CLANG_ANALYZER_NONNULL = YES;
				CLANG_ANALYZER_NUMBER_OBJECT_CONVERSION = YES_AGGRESSIVE;
				CLANG_CXX_LANGUAGE_STANDARD = "gnu++14";
				CLANG_CXX_LIBRARY = "libc++";
				CLANG_ENABLE_MODULES = YES;
				CLANG_ENABLE_OBJC_ARC = YES;
				CLANG_ENABLE_OBJC_WEAK = YES;
				CLANG_WARN_BLOCK_CAPTURE_AUTORELEASING = YES;
				CLANG_WARN_BOOL_CONVERSION = YES;
				CLANG_WARN_COMMA = YES;
				CLANG_WARN_CONSTANT_CONVERSION = YES;
				CLANG_WARN_DEPRECATED_OBJC_IMPLEMENTATIONS = YES;
				CLANG_WARN_DIRECT_OBJC_ISA_USAGE = YES_ERROR;
				CLANG_WARN_DOCUMENTATION_COMMENTS = YES;
				CLANG_WARN_EMPTY_BODY = YES;
				CLANG_WARN_ENUM_CONVERSION = YES;
				CLANG_WARN_INFINITE_RECURSION = YES;
				CLANG_WARN_INT_CONVERSION = YES;
				CLANG_WARN_NON_LITERAL_NULL_CONVERSION = YES;
				CLANG_WARN_OBJC_IMPLICIT_RETAIN_SELF = YES;
				CLANG_WARN_OBJC_LITERAL_CONVERSION = YES;
				CLANG_WARN_OBJC_ROOT_CLASS = YES_ERROR;
				CLANG_WARN_RANGE_LOOP_ANALYSIS = YES;
				CLANG_WARN_STRICT_PROTOTYPES = YES;
				CLANG_WARN_SUSPICIOUS_MOVE = YES;
				CLANG_WARN_UNGUARDED_AVAILABILITY = YES_AGGRESSIVE;
				CLANG_WARN_UNREACHABLE_CODE = YES;
				CLANG_WARN__DUPLICATE_METHOD_MATCH = YES;
				COPY_PHASE_STRIP = NO;
				DEBUG_INFORMATION_FORMAT = dwarf;
				ENABLE_STRICT_OBJC_MSGSEND = YES;
				ENABLE_TESTABILITY = YES;
				GCC_C_LANGUAGE_STANDARD = gnu11;
				GCC_DYNAMIC_NO_PIC = NO;
				GCC_NO_COMMON_BLOCKS = YES;
				GCC_OPTIMIZATION_LEVEL = 0;
				GCC_PREPROCESSOR_DEFINITIONS = (
					"DEBUG=1",
					"$(inherited)",
				);
				GCC_WARN_64_TO_32_BIT_CONVERSION = YES;
				GCC_WARN_ABOUT_RETURN_TYPE = YES_ERROR;
				GCC_WARN_UNDECLARED_SELECTOR = YES;
				GCC_WARN_UNINITIALIZED_AUTOS = YES_AGGRESSIVE;
				GCC_WARN_UNUSED_FUNCTION = YES;
				GCC_WARN_UNUSED_VARIABLE = YES;
				IPHONEOS_DEPLOYMENT_TARGET = 13.5;
				MTL_ENABLE_DEBUG_INFO = INCLUDE_SOURCE;
				MTL_FAST_MATH = YES;
				ONLY_ACTIVE_ARCH = YES;
				SDKROOT = iphoneos;
				SWIFT_ACTIVE_COMPILATION_CONDITIONS = DEBUG;
				SWIFT_OPTIMIZATION_LEVEL = "-Onone";
			};
			name = Debug;
		};
		E0B847C224AF8CE3003EB73D /* Release */ = {
			isa = XCBuildConfiguration;
			buildSettings = {
				ALWAYS_SEARCH_USER_PATHS = NO;
				CLANG_ANALYZER_NONNULL = YES;
				CLANG_ANALYZER_NUMBER_OBJECT_CONVERSION = YES_AGGRESSIVE;
				CLANG_CXX_LANGUAGE_STANDARD = "gnu++14";
				CLANG_CXX_LIBRARY = "libc++";
				CLANG_ENABLE_MODULES = YES;
				CLANG_ENABLE_OBJC_ARC = YES;
				CLANG_ENABLE_OBJC_WEAK = YES;
				CLANG_WARN_BLOCK_CAPTURE_AUTORELEASING = YES;
				CLANG_WARN_BOOL_CONVERSION = YES;
				CLANG_WARN_COMMA = YES;
				CLANG_WARN_CONSTANT_CONVERSION = YES;
				CLANG_WARN_DEPRECATED_OBJC_IMPLEMENTATIONS = YES;
				CLANG_WARN_DIRECT_OBJC_ISA_USAGE = YES_ERROR;
				CLANG_WARN_DOCUMENTATION_COMMENTS = YES;
				CLANG_WARN_EMPTY_BODY = YES;
				CLANG_WARN_ENUM_CONVERSION = YES;
				CLANG_WARN_INFINITE_RECURSION = YES;
				CLANG_WARN_INT_CONVERSION = YES;
				CLANG_WARN_NON_LITERAL_NULL_CONVERSION = YES;
				CLANG_WARN_OBJC_IMPLICIT_RETAIN_SELF = YES;
				CLANG_WARN_OBJC_LITERAL_CONVERSION = YES;
				CLANG_WARN_OBJC_ROOT_CLASS = YES_ERROR;
				CLANG_WARN_RANGE_LOOP_ANALYSIS = YES;
				CLANG_WARN_STRICT_PROTOTYPES = YES;
				CLANG_WARN_SUSPICIOUS_MOVE = YES;
				CLANG_WARN_UNGUARDED_AVAILABILITY = YES_AGGRESSIVE;
				CLANG_WARN_UNREACHABLE_CODE = YES;
				CLANG_WARN__DUPLICATE_METHOD_MATCH = YES;
				COPY_PHASE_STRIP = NO;
				DEBUG_INFORMATION_FORMAT = "dwarf-with-dsym";
				ENABLE_NS_ASSERTIONS = NO;
				ENABLE_STRICT_OBJC_MSGSEND = YES;
				GCC_C_LANGUAGE_STANDARD = gnu11;
				GCC_NO_COMMON_BLOCKS = YES;
				GCC_WARN_64_TO_32_BIT_CONVERSION = YES;
				GCC_WARN_ABOUT_RETURN_TYPE = YES_ERROR;
				GCC_WARN_UNDECLARED_SELECTOR = YES;
				GCC_WARN_UNINITIALIZED_AUTOS = YES_AGGRESSIVE;
				GCC_WARN_UNUSED_FUNCTION = YES;
				GCC_WARN_UNUSED_VARIABLE = YES;
				IPHONEOS_DEPLOYMENT_TARGET = 13.5;
				MTL_ENABLE_DEBUG_INFO = NO;
				MTL_FAST_MATH = YES;
				SDKROOT = iphoneos;
				SWIFT_COMPILATION_MODE = wholemodule;
				SWIFT_OPTIMIZATION_LEVEL = "-O";
				VALIDATE_PRODUCT = YES;
			};
			name = Release;
		};
		E0B847C424AF8CE3003EB73D /* Debug */ = {
			isa = XCBuildConfiguration;
			buildSettings = {
				ASSETCATALOG_COMPILER_APPICON_NAME = AppIcon;
				CODE_SIGN_STYLE = Automatic;
				DEVELOPMENT_TEAM = J32C9YHJ44;
				INFOPLIST_FILE = SpaceShooter/Info.plist;
				IPHONEOS_DEPLOYMENT_TARGET = 12.0;
				LD_RUNPATH_SEARCH_PATHS = (
					"$(inherited)",
					"@executable_path/Frameworks",
				);
				PRODUCT_BUNDLE_IDENTIFIER = coded.SpaceShooter;
				PRODUCT_NAME = "$(TARGET_NAME)";
				SWIFT_VERSION = 5.0;
				TARGETED_DEVICE_FAMILY = 2;
			};
			name = Debug;
		};
		E0B847C524AF8CE3003EB73D /* Release */ = {
			isa = XCBuildConfiguration;
			buildSettings = {
				ASSETCATALOG_COMPILER_APPICON_NAME = AppIcon;
				CODE_SIGN_STYLE = Automatic;
				DEVELOPMENT_TEAM = J32C9YHJ44;
				INFOPLIST_FILE = SpaceShooter/Info.plist;
				IPHONEOS_DEPLOYMENT_TARGET = 12.0;
				LD_RUNPATH_SEARCH_PATHS = (
					"$(inherited)",
					"@executable_path/Frameworks",
				);
				PRODUCT_BUNDLE_IDENTIFIER = coded.SpaceShooter;
				PRODUCT_NAME = "$(TARGET_NAME)";
				SWIFT_VERSION = 5.0;
				TARGETED_DEVICE_FAMILY = 2;
			};
			name = Release;
		};
/* End XCBuildConfiguration section */

/* Begin XCConfigurationList section */
		E0B847A624AF8CE1003EB73D /* Build configuration list for PBXProject "SpaceShooter" */ = {
			isa = XCConfigurationList;
			buildConfigurations = (
				E0B847C124AF8CE3003EB73D /* Debug */,
				E0B847C224AF8CE3003EB73D /* Release */,
			);
			defaultConfigurationIsVisible = 0;
			defaultConfigurationName = Release;
		};
		E0B847C324AF8CE3003EB73D /* Build configuration list for PBXNativeTarget "SpaceShooter" */ = {
			isa = XCConfigurationList;
			buildConfigurations = (
				E0B847C424AF8CE3003EB73D /* Debug */,
				E0B847C524AF8CE3003EB73D /* Release */,
			);
			defaultConfigurationIsVisible = 0;
			defaultConfigurationName = Release;
		};
/* End XCConfigurationList section */
	};
	rootObject = E0B847A324AF8CE1003EB73D /* Project object */;
}
